
Microsoft Visual Studio Solution File, Format Version 12.00
# Visual Studio Version 16
VisualStudioVersion = 16.0.31624.102
MinimumVisualStudioVersion = 10.0.40219.1
Project("{FAE04EC0-301F-11D3-BF4B-00C04F79EFBC}") = "Filns_UI", "Filns_UI\Filns_UI.csproj", "{0E469FC4-410D-40AE-8541-96D617DE87DE}"
EndProject
Global
	GlobalSection(SolutionConfigurationPlatforms) = preSolution
		Debug|Any CPU = Debug|Any CPU
		Release|Any CPU = Release|Any CPU
	EndGlobalSection
	GlobalSection(ProjectConfigurationPlatforms) = postSolution
		{0E469FC4-410D-40AE-8541-96D617DE87DE}.Debug|Any CPU.ActiveCfg = Debug|Any CPU
		{0E469FC4-410D-40AE-8541-96D617DE87DE}.Debug|Any CPU.Build.0 = Debug|Any CPU
		{0E469FC4-410D-40AE-8541-96D617DE87DE}.Release|Any CPU.ActiveCfg = Release|Any CPU
		{0E469FC4-410D-40AE-8541-96D617DE87DE}.Release|Any CPU.Build.0 = Release|Any CPU
	EndGlobalSection
	GlobalSection(SolutionProperties) = preSolution
		HideSolutionNode = FALSE
	EndGlobalSection
	GlobalSection(ExtensibilityGlobals) = postSolution
		SolutionGuid = {BDA0F3CE-4E80-4858-B2DE-5772EFC10E36}
	EndGlobalSection
EndGlobal
