
Microsoft Visual Studio Solution File, Format Version 12.00
# Visual Studio Version 16
VisualStudioVersion = 16.0.31624.102
MinimumVisualStudioVersion = 10.0.40219.1
Project("{FAE04EC0-301F-11D3-BF4B-00C04F79EFBC}") = "Filns_Interfaces", "Filns_Interfaces\Filns_Interfaces.csproj", "{42BAAA04-1996-42E8-BBD8-6BCA893B2A56}"
EndProject
Global
	GlobalSection(SolutionConfigurationPlatforms) = preSolution
		Debug|Any CPU = Debug|Any CPU
		Release|Any CPU = Release|Any CPU
	EndGlobalSection
	GlobalSection(ProjectConfigurationPlatforms) = postSolution
		{42BAAA04-1996-42E8-BBD8-6BCA893B2A56}.Debug|Any CPU.ActiveCfg = Debug|Any CPU
		{42BAAA04-1996-42E8-BBD8-6BCA893B2A56}.Debug|Any CPU.Build.0 = Debug|Any CPU
		{42BAAA04-1996-42E8-BBD8-6BCA893B2A56}.Release|Any CPU.ActiveCfg = Release|Any CPU
		{42BAAA04-1996-42E8-BBD8-6BCA893B2A56}.Release|Any CPU.Build.0 = Release|Any CPU
	EndGlobalSection
	GlobalSection(SolutionProperties) = preSolution
		HideSolutionNode = FALSE
	EndGlobalSection
	GlobalSection(ExtensibilityGlobals) = postSolution
		SolutionGuid = {87988249-3F19-4378-9AE1-DB20D6B53DA6}
	EndGlobalSection
EndGlobal
